
Microsoft Visual Studio Solution File, Format Version 12.00
# Visual Studio Version 17
VisualStudioVersion = 17.13.35825.156 d17.13
MinimumVisualStudioVersion = 10.0.40219.1
Project("{FAE04EC0-301F-11D3-BF4B-00C04F79EFBC}") = "KursWalutApp", "KursWalutApp\KursWalutApp.csproj", "{6C609512-551E-4F3F-908C-A7CA87BD9EB7}"
EndProject
Global
	GlobalSection(SolutionConfigurationPlatforms) = preSolution
		Debug|Any CPU = Debug|Any CPU
		Release|Any CPU = Release|Any CPU
	EndGlobalSection
	GlobalSection(ProjectConfigurationPlatforms) = postSolution
		{6C609512-551E-4F3F-908C-A7CA87BD9EB7}.Debug|Any CPU.ActiveCfg = Debug|Any CPU
		{6C609512-551E-4F3F-908C-A7CA87BD9EB7}.Debug|Any CPU.Build.0 = Debug|Any CPU
		{6C609512-551E-4F3F-908C-A7CA87BD9EB7}.Release|Any CPU.ActiveCfg = Release|Any CPU
		{6C609512-551E-4F3F-908C-A7CA87BD9EB7}.Release|Any CPU.Build.0 = Release|Any CPU
	EndGlobalSection
	GlobalSection(SolutionProperties) = preSolution
		HideSolutionNode = FALSE
	EndGlobalSection
	GlobalSection(ExtensibilityGlobals) = postSolution
		SolutionGuid = {CDEE4354-4EA6-4747-B22E-ECBB14F023BD}
	EndGlobalSection
EndGlobal
