
Microsoft Visual Studio Solution File, Format Version 12.00
# Visual Studio Version 16
VisualStudioVersion = 16.0.32126.315
MinimumVisualStudioVersion = 10.0.40219.1
Project("{FAE04EC0-301F-11D3-BF4B-00C04F79EFBC}") = "Base64Converter", "Base64Converter\Base64Converter.csproj", "{5FA11E65-8D5F-4E38-964A-C8F15C4E0551}"
EndProject
Global
	GlobalSection(SolutionConfigurationPlatforms) = preSolution
		Debug|Any CPU = Debug|Any CPU
		Release|Any CPU = Release|Any CPU
	EndGlobalSection
	GlobalSection(ProjectConfigurationPlatforms) = postSolution
		{5FA11E65-8D5F-4E38-964A-C8F15C4E0551}.Debug|Any CPU.ActiveCfg = Debug|Any CPU
		{5FA11E65-8D5F-4E38-964A-C8F15C4E0551}.Debug|Any CPU.Build.0 = Debug|Any CPU
		{5FA11E65-8D5F-4E38-964A-C8F15C4E0551}.Release|Any CPU.ActiveCfg = Release|Any CPU
		{5FA11E65-8D5F-4E38-964A-C8F15C4E0551}.Release|Any CPU.Build.0 = Release|Any CPU
	EndGlobalSection
	GlobalSection(SolutionProperties) = preSolution
		HideSolutionNode = FALSE
	EndGlobalSection
	GlobalSection(ExtensibilityGlobals) = postSolution
		SolutionGuid = {8460E840-7A61-42E4-98D2-3AA76D88A939}
	EndGlobalSection
EndGlobal
